65550
/Users/hummel/.sdkman/candidates/java/current/bin/java -classpath /opt/homebrew/Cellar/maven/3.9.6/libexec/boot/plexus-classworlds-2.7.0.jar -Dclassworlds.conf=/opt/homebrew/Cellar/maven/3.9.6/libexec/bin/m2.conf -Dmaven.home=/opt/homebrew/Cellar/maven/3.9.6/libexec -Dlibrary.jansi.path=/opt/homebrew/Cellar/maven/3.9.6/libexec/lib/jansi-native -Dmaven.multiModuleProjectDirectory=/Users/hummel/sources/mhus/workspace-java/kt2l org.codehaus.plexus.classworlds.launcher.Launcher -pl kt2l-core,kt2l-test -am -B clean verify -Pdeploy -Pdeploy -Pproduction -Pintegration_tests -Dspring.profiles.active=prod -Dvaadin.force.production.build=true
